
Microsoft Visual Studio Solution File, Format Version 12.00
# Visual Studio 15
VisualStudioVersion = 15.0.28307.421
MinimumVisualStudioVersion = 10.0.40219.1
Project("{8BC9CEB8-8B4A-11D0-8D11-00A0C91BC942}") = "YuicaImageAnalyzer", "YuicaImageAnalyzer\YuicaImageAnalyzer.vcxproj", "{51B20060-50AA-4399-8672-EDF5EF6BD499}"
EndProject
Global
	GlobalSection(SolutionConfigurationPlatforms) = preSolution
		Debug|x64 = Debug|x64
		Debug|x86 = Debug|x86
		Release|x64 = Release|x64
		Release|x86 = Release|x86
	EndGlobalSection
	GlobalSection(ProjectConfigurationPlatforms) = postSolution
		{51B20060-50AA-4399-8672-EDF5EF6BD499}.Debug|x64.ActiveCfg = Debug|x64
		{51B20060-50AA-4399-8672-EDF5EF6BD499}.Debug|x64.Build.0 = Debug|x64
		{51B20060-50AA-4399-8672-EDF5EF6BD499}.Debug|x86.ActiveCfg = Debug|Win32
		{51B20060-50AA-4399-8672-EDF5EF6BD499}.Debug|x86.Build.0 = Debug|Win32
		{51B20060-50AA-4399-8672-EDF5EF6BD499}.Release|x64.ActiveCfg = Release|x64
		{51B20060-50AA-4399-8672-EDF5EF6BD499}.Release|x64.Build.0 = Release|x64
		{51B20060-50AA-4399-8672-EDF5EF6BD499}.Release|x86.ActiveCfg = Release|Win32
		{51B20060-50AA-4399-8672-EDF5EF6BD499}.Release|x86.Build.0 = Release|Win32
	EndGlobalSection
	GlobalSection(SolutionProperties) = preSolution
		HideSolutionNode = FALSE
	EndGlobalSection
	GlobalSection(ExtensibilityGlobals) = postSolution
		SolutionGuid = {3668A2A0-46EA-4746-810D-39E3AF2140E9}
	EndGlobalSection
EndGlobal
